
Microsoft Visual Studio Solution File, Format Version 12.00
# Visual Studio Version 17
VisualStudioVersion = 17.8.34309.116
MinimumVisualStudioVersion = 10.0.40219.1
Project("{FAE04EC0-301F-11D3-BF4B-00C04F79EFBC}") = "TekChat.Server", "Server\TekChat.Server.csproj", "{B5FDC082-5930-4620-BFD8-AD74CF621371}"
EndProject
Project("{FAE04EC0-301F-11D3-BF4B-00C04F79EFBC}") = "TekChat.Client", "Client\TekChat.Client.csproj", "{26143B33-6546-475E-8302-424F12256156}"
EndProject
Project("{FAE04EC0-301F-11D3-BF4B-00C04F79EFBC}") = "TekChat.Shared", "Shared\TekChat.Shared.csproj", "{867ED998-6A91-471F-91FC-FB9B7762E00C}"
EndProject
Global
	GlobalSection(SolutionConfigurationPlatforms) = preSolution
		Debug|Any CPU = Debug|Any CPU
		Release|Any CPU = Release|Any CPU
	EndGlobalSection
	GlobalSection(ProjectConfigurationPlatforms) = postSolution
		{B5FDC082-5930-4620-BFD8-AD74CF621371}.Debug|Any CPU.ActiveCfg = Debug|Any CPU
		{B5FDC082-5930-4620-BFD8-AD74CF621371}.Debug|Any CPU.Build.0 = Debug|Any CPU
		{B5FDC082-5930-4620-BFD8-AD74CF621371}.Release|Any CPU.ActiveCfg = Release|Any CPU
		{B5FDC082-5930-4620-BFD8-AD74CF621371}.Release|Any CPU.Build.0 = Release|Any CPU
		{26143B33-6546-475E-8302-424F12256156}.Debug|Any CPU.ActiveCfg = Debug|Any CPU
		{26143B33-6546-475E-8302-424F12256156}.Debug|Any CPU.Build.0 = Debug|Any CPU
		{26143B33-6546-475E-8302-424F12256156}.Release|Any CPU.ActiveCfg = Release|Any CPU
		{26143B33-6546-475E-8302-424F12256156}.Release|Any CPU.Build.0 = Release|Any CPU
		{867ED998-6A91-471F-91FC-FB9B7762E00C}.Debug|Any CPU.ActiveCfg = Debug|Any CPU
		{867ED998-6A91-471F-91FC-FB9B7762E00C}.Debug|Any CPU.Build.0 = Debug|Any CPU
		{867ED998-6A91-471F-91FC-FB9B7762E00C}.Release|Any CPU.ActiveCfg = Release|Any CPU
		{867ED998-6A91-471F-91FC-FB9B7762E00C}.Release|Any CPU.Build.0 = Release|Any CPU
	EndGlobalSection
	GlobalSection(SolutionProperties) = preSolution
		HideSolutionNode = FALSE
	EndGlobalSection
	GlobalSection(ExtensibilityGlobals) = postSolution
		SolutionGuid = {0DEA6EB5-CE71-486F-81ED-C71B87E89FA5}
	EndGlobalSection
EndGlobal
